
Microsoft Visual Studio Solution File, Format Version 12.00
Project("{FAE04EC0-301F-11D3-BF4B-00C04F79EFBC}") = "RevitAPITestProject", "RevitAPITestProject\RevitAPITestProject.csproj", "{31A4DF52-42A7-4C09-95F5-E929CEB97140}"
EndProject
Global
	GlobalSection(SolutionConfigurationPlatforms) = preSolution
		Debug|Any CPU = Debug|Any CPU
		Release|Any CPU = Release|Any CPU
	EndGlobalSection
	GlobalSection(ProjectConfigurationPlatforms) = postSolution
		{31A4DF52-42A7-4C09-95F5-E929CEB97140}.Debug|Any CPU.ActiveCfg = Debug|Any CPU
		{31A4DF52-42A7-4C09-95F5-E929CEB97140}.Debug|Any CPU.Build.0 = Debug|Any CPU
		{31A4DF52-42A7-4C09-95F5-E929CEB97140}.Release|Any CPU.ActiveCfg = Release|Any CPU
		{31A4DF52-42A7-4C09-95F5-E929CEB97140}.Release|Any CPU.Build.0 = Release|Any CPU
	EndGlobalSection
EndGlobal
